
Microsoft Visual Studio Solution File, Format Version 11.00
# Visual Studio 2010
Project("{FAE04EC0-301F-11D3-BF4B-00C04F79EFBC}") = "SQLCLR", "SQLCLR.csproj", "{CF3E295A-2DA8-47DA-83CF-BC68831C4533}"
EndProject
Project("{FAE04EC0-301F-11D3-BF4B-00C04F79EFBC}") = "TestConsole", "testconsole\TestConsole.csproj", "{97C18CA3-90CD-4A1C-A379-DD7A59583426}"
EndProject
Global
	GlobalSection(SolutionConfigurationPlatforms) = preSolution
		Debug|Any CPU = Debug|Any CPU
		Release|Any CPU = Release|Any CPU
	EndGlobalSection
	GlobalSection(ProjectConfigurationPlatforms) = postSolution
		{CF3E295A-2DA8-47DA-83CF-BC68831C4533}.Debug|Any CPU.ActiveCfg = Debug|Any CPU
		{CF3E295A-2DA8-47DA-83CF-BC68831C4533}.Debug|Any CPU.Build.0 = Debug|Any CPU
		{CF3E295A-2DA8-47DA-83CF-BC68831C4533}.Debug|Any CPU.Deploy.0 = Debug|Any CPU
		{CF3E295A-2DA8-47DA-83CF-BC68831C4533}.Release|Any CPU.ActiveCfg = Release|Any CPU
		{CF3E295A-2DA8-47DA-83CF-BC68831C4533}.Release|Any CPU.Build.0 = Release|Any CPU
		{CF3E295A-2DA8-47DA-83CF-BC68831C4533}.Release|Any CPU.Deploy.0 = Release|Any CPU
		{97C18CA3-90CD-4A1C-A379-DD7A59583426}.Debug|Any CPU.ActiveCfg = Debug|Any CPU
		{97C18CA3-90CD-4A1C-A379-DD7A59583426}.Debug|Any CPU.Build.0 = Debug|Any CPU
		{97C18CA3-90CD-4A1C-A379-DD7A59583426}.Release|Any CPU.ActiveCfg = Release|Any CPU
		{97C18CA3-90CD-4A1C-A379-DD7A59583426}.Release|Any CPU.Build.0 = Release|Any CPU
	EndGlobalSection
	GlobalSection(SolutionProperties) = preSolution
		HideSolutionNode = FALSE
	EndGlobalSection
EndGlobal
