
Microsoft Visual Studio Solution File, Format Version 11.00
# Visual Studio 2010
Project("{E24C65DC-7377-472B-9ABA-BC803B73C61A}") = "WebReports", "WebReports\", "{0220429D-3B94-463A-8002-FF3F369CE03B}"
	ProjectSection(WebsiteProperties) = preProject
		TargetFrameworkMoniker = ".NETFramework,Version%3Dv4.0"
		Debug.AspNetCompiler.VirtualPath = "/WebReports"
		Debug.AspNetCompiler.PhysicalPath = "WebReports\"
		Debug.AspNetCompiler.TargetPath = "PrecompiledWeb\WebReports\"
		Debug.AspNetCompiler.Updateable = "true"
		Debug.AspNetCompiler.ForceOverwrite = "true"
		Debug.AspNetCompiler.FixedNames = "false"
		Debug.AspNetCompiler.Debug = "True"
		Release.AspNetCompiler.VirtualPath = "/WebReports"
		Release.AspNetCompiler.PhysicalPath = "WebReports\"
		Release.AspNetCompiler.TargetPath = "PrecompiledWeb\WebReports\"
		Release.AspNetCompiler.Updateable = "true"
		Release.AspNetCompiler.ForceOverwrite = "true"
		Release.AspNetCompiler.FixedNames = "false"
		Release.AspNetCompiler.Debug = "False"
		VWDPort = "1759"
		DefaultWebSiteLanguage = "Visual C#"
	EndProjectSection
EndProject
Global
	GlobalSection(SolutionConfigurationPlatforms) = preSolution
		Debug|Any CPU = Debug|Any CPU
		Release|Any CPU = Release|Any CPU
	EndGlobalSection
	GlobalSection(ProjectConfigurationPlatforms) = postSolution
		{0220429D-3B94-463A-8002-FF3F369CE03B}.Debug|Any CPU.ActiveCfg = Debug|Any CPU
		{0220429D-3B94-463A-8002-FF3F369CE03B}.Debug|Any CPU.Build.0 = Debug|Any CPU
		{0220429D-3B94-463A-8002-FF3F369CE03B}.Release|Any CPU.ActiveCfg = Debug|Any CPU
		{0220429D-3B94-463A-8002-FF3F369CE03B}.Release|Any CPU.Build.0 = Debug|Any CPU
	EndGlobalSection
	GlobalSection(SolutionProperties) = preSolution
		HideSolutionNode = FALSE
	EndGlobalSection
EndGlobal
