
Microsoft Visual Studio Solution File, Format Version 11.00
# Visual Studio 2010
Project("{FAE04EC0-301F-11D3-BF4B-00C04F79EFBC}") = "iTRAACv2", "iTRAACv2.csproj", "{57902020-F724-4333-AA73-8553C5CE6A03}"
EndProject
Project("{2150E333-8FDC-42A3-9474-1A3956D46DE8}") = "Solution Items", "Solution Items", "{E9A36F59-92C0-4EF6-906E-A20D5D8D37B8}"
EndProject
Global
	GlobalSection(SolutionConfigurationPlatforms) = preSolution
		Debug|Any CPU = Debug|Any CPU
		Release|Any CPU = Release|Any CPU
	EndGlobalSection
	GlobalSection(ProjectConfigurationPlatforms) = postSolution
		{57902020-F724-4333-AA73-8553C5CE6A03}.Debug|Any CPU.ActiveCfg = Debug|Any CPU
		{57902020-F724-4333-AA73-8553C5CE6A03}.Debug|Any CPU.Build.0 = Debug|Any CPU
		{57902020-F724-4333-AA73-8553C5CE6A03}.Release|Any CPU.ActiveCfg = Release|Any CPU
		{57902020-F724-4333-AA73-8553C5CE6A03}.Release|Any CPU.Build.0 = Release|Any CPU
	EndGlobalSection
	GlobalSection(SolutionProperties) = preSolution
		HideSolutionNode = FALSE
	EndGlobalSection
EndGlobal
